
Microsoft Visual Studio Solution File, Format Version 12.00
# Visual Studio Version 16
VisualStudioVersion = 16.0.32228.343
MinimumVisualStudioVersion = 10.0.40219.1
Project("{FAE04EC0-301F-11D3-BF4B-00C04F79EFBC}") = "magaz_kvitiv", "magaz_kvitiv\magaz_kvitiv.csproj", "{93A03FE3-65A9-42BE-BCEF-98BDA59629A2}"
EndProject
Global
	GlobalSection(SolutionConfigurationPlatforms) = preSolution
		Debug|Any CPU = Debug|Any CPU
		Release|Any CPU = Release|Any CPU
	EndGlobalSection
	GlobalSection(ProjectConfigurationPlatforms) = postSolution
		{93A03FE3-65A9-42BE-BCEF-98BDA59629A2}.Debug|Any CPU.ActiveCfg = Debug|Any CPU
		{93A03FE3-65A9-42BE-BCEF-98BDA59629A2}.Debug|Any CPU.Build.0 = Debug|Any CPU
		{93A03FE3-65A9-42BE-BCEF-98BDA59629A2}.Release|Any CPU.ActiveCfg = Release|Any CPU
		{93A03FE3-65A9-42BE-BCEF-98BDA59629A2}.Release|Any CPU.Build.0 = Release|Any CPU
	EndGlobalSection
	GlobalSection(SolutionProperties) = preSolution
		HideSolutionNode = FALSE
	EndGlobalSection
	GlobalSection(ExtensibilityGlobals) = postSolution
		SolutionGuid = {F5B0768D-1607-4672-B5A7-173C25290858}
	EndGlobalSection
EndGlobal
